// !$*UTF8*$!
{
	archiveVersion = 1;
	classes = {
	};
	objectVersion = 55;
	objects = {

/* Begin PBXBuildFile section */
		D4369C282859DC2A00F5F006 /* ContentViewCell.swift in Sources */ = {isa = PBXBuildFile; fileRef = D4369C272859DC2A00F5F006 /* ContentViewCell.swift */; };
		D4369C2D2859E01200F5F006 /* ContentViewHeader.swift in Sources */ = {isa = PBXBuildFile; fileRef = D4369C2C2859E01200F5F006 /* ContentViewHeader.swift */; };
		D4B32FBD2887FD8B001B8D77 /* ContentView.swift in Sources */ = {isa = PBXBuildFile; fileRef = D4B32FBC2887FD8B001B8D77 /* ContentView.swift */; };
		D4B32FBF2888018E001B8D77 /* DetailView.swift in Sources */ = {isa = PBXBuildFile; fileRef = D4B32FBE2888018E001B8D77 /* DetailView.swift */; };
		D4CDBBBE2857459F00180989 /* AppDelegate.swift in Sources */ = {isa = PBXBuildFile; fileRef = D4CDBBBD2857459F00180989 /* AppDelegate.swift */; };
		D4CDBBC02857459F00180989 /* SceneDelegate.swift in Sources */ = {isa = PBXBuildFile; fileRef = D4CDBBBF2857459F00180989 /* SceneDelegate.swift */; };
		D4CDBBC7285745A200180989 /* Assets.xcassets in Resources */ = {isa = PBXBuildFile; fileRef = D4CDBBC6285745A200180989 /* Assets.xcassets */; };
		D4CDBBCA285745A200180989 /* LaunchScreen.storyboard in Resources */ = {isa = PBXBuildFile; fileRef = D4CDBBC8285745A200180989 /* LaunchScreen.storyboard */; };
		D4CDBBD22858895B00180989 /* HomeVC.swift in Sources */ = {isa = PBXBuildFile; fileRef = D4CDBBD12858895B00180989 /* HomeVC.swift */; };
		D4CDBBD928588DA700180989 /* Content.plist in Resources */ = {isa = PBXBuildFile; fileRef = D4CDBBD828588DA700180989 /* Content.plist */; };
		D4CDBBDB28588DF800180989 /* Content.swift in Sources */ = {isa = PBXBuildFile; fileRef = D4CDBBDA28588DF800180989 /* Content.swift */; };
		D4F4912A285B39A1002BCFD7 /* ContentViewRankCell.swift in Sources */ = {isa = PBXBuildFile; fileRef = D4F49129285B39A1002BCFD7 /* ContentViewRankCell.swift */; };
		D4F4912C2861C0ED002BCFD7 /* ContentViewMainCell.swift in Sources */ = {isa = PBXBuildFile; fileRef = D4F4912B2861C0EC002BCFD7 /* ContentViewMainCell.swift */; };
		D4F4912F2861CA97002BCFD7 /* SnapKit in Frameworks */ = {isa = PBXBuildFile; productRef = D4F4912E2861CA97002BCFD7 /* SnapKit */; };
/* End PBXBuildFile section */

/* Begin PBXFileReference section */
		D4369C272859DC2A00F5F006 /* ContentViewCell.swift */ = {isa = PBXFileReference; lastKnownFileType = sourcecode.swift; path = ContentViewCell.swift; sourceTree = "<group>"; };
		D4369C2C2859E01200F5F006 /* ContentViewHeader.swift */ = {isa = PBXFileReference; lastKnownFileType = sourcecode.swift; path = ContentViewHeader.swift; sourceTree = "<group>"; };
		D4B32FBC2887FD8B001B8D77 /* ContentView.swift */ = {isa = PBXFileReference; lastKnownFileType = sourcecode.swift; path = ContentView.swift; sourceTree = "<group>"; };
		D4B32FBE2888018E001B8D77 /* DetailView.swift */ = {isa = PBXFileReference; lastKnownFileType = sourcecode.swift; path = DetailView.swift; sourceTree = "<group>"; };
		D4CDBBBA2857459F00180989 /* 16_NetfilxStyleMovieList.app */ = {isa = PBXFileReference; explicitFileType = wrapper.application; includeInIndex = 0; path = 16_NetfilxStyleMovieList.app; sourceTree = BUILT_PRODUCTS_DIR; };
		D4CDBBBD2857459F00180989 /* AppDelegate.swift */ = {isa = PBXFileReference; lastKnownFileType = sourcecode.swift; path = AppDelegate.swift; sourceTree = "<group>"; };
		D4CDBBBF2857459F00180989 /* SceneDelegate.swift */ = {isa = PBXFileReference; lastKnownFileType = sourcecode.swift; path = SceneDelegate.swift; sourceTree = "<group>"; };
		D4CDBBC6285745A200180989 /* Assets.xcassets */ = {isa = PBXFileReference; lastKnownFileType = folder.assetcatalog; path = Assets.xcassets; sourceTree = "<group>"; };
		D4CDBBC9285745A200180989 /* Base */ = {isa = PBXFileReference; lastKnownFileType = file.storyboard; name = Base; path = Base.lproj/LaunchScreen.storyboard; sourceTree = "<group>"; };
		D4CDBBCB285745A200180989 /* Info.plist */ = {isa = PBXFileReference; lastKnownFileType = text.plist.xml; path = Info.plist; sourceTree = "<group>"; };
		D4CDBBD12858895B00180989 /* HomeVC.swift */ = {isa = PBXFileReference; lastKnownFileType = sourcecode.swift; path = HomeVC.swift; sourceTree = "<group>"; };
		D4CDBBD828588DA700180989 /* Content.plist */ = {isa = PBXFileReference; fileEncoding = 4; lastKnownFileType = text.plist.xml; path = Content.plist; sourceTree = "<group>"; };
		D4CDBBDA28588DF800180989 /* Content.swift */ = {isa = PBXFileReference; lastKnownFileType = sourcecode.swift; path = Content.swift; sourceTree = "<group>"; };
		D4F49129285B39A1002BCFD7 /* ContentViewRankCell.swift */ = {isa = PBXFileReference; lastKnownFileType = sourcecode.swift; path = ContentViewRankCell.swift; sourceTree = "<group>"; };
		D4F4912B2861C0EC002BCFD7 /* ContentViewMainCell.swift */ = {isa = PBXFileReference; lastKnownFileType = sourcecode.swift; path = ContentViewMainCell.swift; sourceTree = "<group>"; };
/* End PBXFileReference section */

/* Begin PBXFrameworksBuildPhase section */
		D4CDBBB72857459F00180989 /* Frameworks */ = {
			isa = PBXFrameworksBuildPhase;
			buildActionMask = 2147483647;
			files = (
				D4F4912F2861CA97002BCFD7 /* SnapKit in Frameworks */,
			);
			runOnlyForDeploymentPostprocessing = 0;
		};
/* End PBXFrameworksBuildPhase section */

/* Begin PBXGroup section */
		D4CDBBB12857459F00180989 = {
			isa = PBXGroup;
			children = (
				D4CDBBBC2857459F00180989 /* 16_NetfilxStyleMovieList */,
				D4CDBBBB2857459F00180989 /* Products */,
			);
			sourceTree = "<group>";
		};
		D4CDBBBB2857459F00180989 /* Products */ = {
			isa = PBXGroup;
			children = (
				D4CDBBBA2857459F00180989 /* 16_NetfilxStyleMovieList.app */,
			);
			name = Products;
			sourceTree = "<group>";
		};
		D4CDBBBC2857459F00180989 /* 16_NetfilxStyleMovieList */ = {
			isa = PBXGroup;
			children = (
				D4CDBBBD2857459F00180989 /* AppDelegate.swift */,
				D4369C2C2859E01200F5F006 /* ContentViewHeader.swift */,
				D4CDBBBF2857459F00180989 /* SceneDelegate.swift */,
				D4CDBBC6285745A200180989 /* Assets.xcassets */,
				D4CDBBC8285745A200180989 /* LaunchScreen.storyboard */,
				D4CDBBCB285745A200180989 /* Info.plist */,
				D4CDBBD828588DA700180989 /* Content.plist */,
				D4CDBBDA28588DF800180989 /* Content.swift */,
				D4CDBBD12858895B00180989 /* HomeVC.swift */,
				D4B32FBC2887FD8B001B8D77 /* ContentView.swift */,
				D4B32FBE2888018E001B8D77 /* DetailView.swift */,
				D4F49129285B39A1002BCFD7 /* ContentViewRankCell.swift */,
				D4F4912B2861C0EC002BCFD7 /* ContentViewMainCell.swift */,
				D4369C272859DC2A00F5F006 /* ContentViewCell.swift */,
			);
			path = 16_NetfilxStyleMovieList;
			sourceTree = "<group>";
		};
/* End PBXGroup section */

/* Begin PBXNativeTarget section */
		D4CDBBB92857459F00180989 /* 16_NetfilxStyleMovieList */ = {
			isa = PBXNativeTarget;
			buildConfigurationList = D4CDBBCE285745A200180989 /* Build configuration list for PBXNativeTarget "16_NetfilxStyleMovieList" */;
			buildPhases = (
				D4CDBBB62857459F00180989 /* Sources */,
				D4CDBBB72857459F00180989 /* Frameworks */,
				D4CDBBB82857459F00180989 /* Resources */,
			);
			buildRules = (
			);
			dependencies = (
			);
			name = 16_NetfilxStyleMovieList;
			packageProductDependencies = (
				D4F4912E2861CA97002BCFD7 /* SnapKit */,
			);
			productName = 16_NetfilxStyleMovieList;
			productReference = D4CDBBBA2857459F00180989 /* 16_NetfilxStyleMovieList.app */;
			productType = "com.apple.product-type.application";
		};
/* End PBXNativeTarget section */

/* Begin PBXProject section */
		D4CDBBB22857459F00180989 /* Project object */ = {
			isa = PBXProject;
			attributes = {
				BuildIndependentTargetsInParallel = 1;
				LastSwiftUpdateCheck = 1320;
				LastUpgradeCheck = 1320;
				TargetAttributes = {
					D4CDBBB92857459F00180989 = {
						CreatedOnToolsVersion = 13.2.1;
					};
				};
			};
			buildConfigurationList = D4CDBBB52857459F00180989 /* Build configuration list for PBXProject "16_NetfilxStyleMovieList" */;
			compatibilityVersion = "Xcode 13.0";
			developmentRegion = en;
			hasScannedForEncodings = 0;
			knownRegions = (
				en,
				Base,
			);
			mainGroup = D4CDBBB12857459F00180989;
			packageReferences = (
				D4F4912D2861CA97002BCFD7 /* XCRemoteSwiftPackageReference "SnapKit" */,
			);
			productRefGroup = D4CDBBBB2857459F00180989 /* Products */;
			projectDirPath = "";
			projectRoot = "";
			targets = (
				D4CDBBB92857459F00180989 /* 16_NetfilxStyleMovieList */,
			);
		};
/* End PBXProject section */

/* Begin PBXResourcesBuildPhase section */
		D4CDBBB82857459F00180989 /* Resources */ = {
			isa = PBXResourcesBuildPhase;
			buildActionMask = 2147483647;
			files = (
				D4CDBBCA285745A200180989 /* LaunchScreen.storyboard in Resources */,
				D4CDBBC7285745A200180989 /* Assets.xcassets in Resources */,
				D4CDBBD928588DA700180989 /* Content.plist in Resources */,
			);
			runOnlyForDeploymentPostprocessing = 0;
		};
/* End PBXResourcesBuildPhase section */

/* Begin PBXSourcesBuildPhase section */
		D4CDBBB62857459F00180989 /* Sources */ = {
			isa = PBXSourcesBuildPhase;
			buildActionMask = 2147483647;
			files = (
				D4369C282859DC2A00F5F006 /* ContentViewCell.swift in Sources */,
				D4CDBBD22858895B00180989 /* HomeVC.swift in Sources */,
				D4CDBBBE2857459F00180989 /* AppDelegate.swift in Sources */,
				D4B32FBF2888018E001B8D77 /* DetailView.swift in Sources */,
				D4369C2D2859E01200F5F006 /* ContentViewHeader.swift in Sources */,
				D4CDBBC02857459F00180989 /* SceneDelegate.swift in Sources */,
				D4B32FBD2887FD8B001B8D77 /* ContentView.swift in Sources */,
				D4F4912A285B39A1002BCFD7 /* ContentViewRankCell.swift in Sources */,
				D4CDBBDB28588DF800180989 /* Content.swift in Sources */,
				D4F4912C2861C0ED002BCFD7 /* ContentViewMainCell.swift in Sources */,
			);
			runOnlyForDeploymentPostprocessing = 0;
		};
/* End PBXSourcesBuildPhase section */

/* Begin PBXVariantGroup section */
		D4CDBBC8285745A200180989 /* LaunchScreen.storyboard */ = {
			isa = PBXVariantGroup;
			children = (
				D4CDBBC9285745A200180989 /* Base */,
			);
			name = LaunchScreen.storyboard;
			sourceTree = "<group>";
		};
/* End PBXVariantGroup section */

/* Begin XCBuildConfiguration section */
		D4CDBBCC285745A200180989 /* Debug */ = {
			isa = XCBuildConfiguration;
			buildSettings = {
				ALWAYS_SEARCH_USER_PATHS = NO;
				CLANG_ANALYZER_NONNULL = YES;
				CLANG_ANALYZER_NUMBER_OBJECT_CONVERSION = YES_AGGRESSIVE;
				CLANG_CXX_LANGUAGE_STANDARD = "gnu++17";
				CLANG_CXX_LIBRARY = "libc++";
				CLANG_ENABLE_MODULES = YES;
				CLANG_ENABLE_OBJC_ARC = YES;
				CLANG_ENABLE_OBJC_WEAK = YES;
				CLANG_WARN_BLOCK_CAPTURE_AUTORELEASING = YES;
				CLANG_WARN_BOOL_CONVERSION = YES;
				CLANG_WARN_COMMA = YES;
				CLANG_WARN_CONSTANT_CONVERSION = YES;
				CLANG_WARN_DEPRECATED_OBJC_IMPLEMENTATIONS = YES;
				CLANG_WARN_DIRECT_OBJC_ISA_USAGE = YES_ERROR;
				CLANG_WARN_DOCUMENTATION_COMMENTS = YES;
				CLANG_WARN_EMPTY_BODY = YES;
				CLANG_WARN_ENUM_CONVERSION = YES;
				CLANG_WARN_INFINITE_RECURSION = YES;
				CLANG_WARN_INT_CONVERSION = YES;
				CLANG_WARN_NON_LITERAL_NULL_CONVERSION = YES;
				CLANG_WARN_OBJC_IMPLICIT_RETAIN_SELF = YES;
				CLANG_WARN_OBJC_LITERAL_CONVERSION = YES;
				CLANG_WARN_OBJC_ROOT_CLASS = YES_ERROR;
				CLANG_WARN_QUOTED_INCLUDE_IN_FRAMEWORK_HEADER = YES;
				CLANG_WARN_RANGE_LOOP_ANALYSIS = YES;
				CLANG_WARN_STRICT_PROTOTYPES = YES;
				CLANG_WARN_SUSPICIOUS_MOVE = YES;
				CLANG_WARN_UNGUARDED_AVAILABILITY = YES_AGGRESSIVE;
				CLANG_WARN_UNREACHABLE_CODE = YES;
				CLANG_WARN__DUPLICATE_METHOD_MATCH = YES;
				COPY_PHASE_STRIP = NO;
				DEBUG_INFORMATION_FORMAT = dwarf;
				ENABLE_STRICT_OBJC_MSGSEND = YES;
				ENABLE_TESTABILITY = YES;
				GCC_C_LANGUAGE_STANDARD = gnu11;
				GCC_DYNAMIC_NO_PIC = NO;
				GCC_NO_COMMON_BLOCKS = YES;
				GCC_OPTIMIZATION_LEVEL = 0;
				GCC_PREPROCESSOR_DEFINITIONS = (
					"DEBUG=1",
					"$(inherited)",
				);
				GCC_WARN_64_TO_32_BIT_CONVERSION = YES;
				GCC_WARN_ABOUT_RETURN_TYPE = YES_ERROR;
				GCC_WARN_UNDECLARED_SELECTOR = YES;
				GCC_WARN_UNINITIALIZED_AUTOS = YES_AGGRESSIVE;
				GCC_WARN_UNUSED_FUNCTION = YES;
				GCC_WARN_UNUSED_VARIABLE = YES;
				IPHONEOS_DEPLOYMENT_TARGET = 15.2;
				MTL_ENABLE_DEBUG_INFO = INCLUDE_SOURCE;
				MTL_FAST_MATH = YES;
				ONLY_ACTIVE_ARCH = YES;
				SDKROOT = iphoneos;
				SWIFT_ACTIVE_COMPILATION_CONDITIONS = DEBUG;
				SWIFT_OPTIMIZATION_LEVEL = "-Onone";
			};
			name = Debug;
		};
		D4CDBBCD285745A200180989 /* Release */ = {
			isa = XCBuildConfiguration;
			buildSettings = {
				ALWAYS_SEARCH_USER_PATHS = NO;
				CLANG_ANALYZER_NONNULL = YES;
				CLANG_ANALYZER_NUMBER_OBJECT_CONVERSION = YES_AGGRESSIVE;
				CLANG_CXX_LANGUAGE_STANDARD = "gnu++17";
				CLANG_CXX_LIBRARY = "libc++";
				CLANG_ENABLE_MODULES = YES;
				CLANG_ENABLE_OBJC_ARC = YES;
				CLANG_ENABLE_OBJC_WEAK = YES;
				CLANG_WARN_BLOCK_CAPTURE_AUTORELEASING = YES;
				CLANG_WARN_BOOL_CONVERSION = YES;
				CLANG_WARN_COMMA = YES;
				CLANG_WARN_CONSTANT_CONVERSION = YES;
				CLANG_WARN_DEPRECATED_OBJC_IMPLEMENTATIONS = YES;
				CLANG_WARN_DIRECT_OBJC_ISA_USAGE = YES_ERROR;
				CLANG_WARN_DOCUMENTATION_COMMENTS = YES;
				CLANG_WARN_EMPTY_BODY = YES;
				CLANG_WARN_ENUM_CONVERSION = YES;
				CLANG_WARN_INFINITE_RECURSION = YES;
				CLANG_WARN_INT_CONVERSION = YES;
				CLANG_WARN_NON_LITERAL_NULL_CONVERSION = YES;
				CLANG_WARN_OBJC_IMPLICIT_RETAIN_SELF = YES;
				CLANG_WARN_OBJC_LITERAL_CONVERSION = YES;
				CLANG_WARN_OBJC_ROOT_CLASS = YES_ERROR;
				CLANG_WARN_QUOTED_INCLUDE_IN_FRAMEWORK_HEADER = YES;
				CLANG_WARN_RANGE_LOOP_ANALYSIS = YES;
				CLANG_WARN_STRICT_PROTOTYPES = YES;
				CLANG_WARN_SUSPICIOUS_MOVE = YES;
				CLANG_WARN_UNGUARDED_AVAILABILITY = YES_AGGRESSIVE;
				CLANG_WARN_UNREACHABLE_CODE = YES;
				CLANG_WARN__DUPLICATE_METHOD_MATCH = YES;
				COPY_PHASE_STRIP = NO;
				DEBUG_INFORMATION_FORMAT = "dwarf-with-dsym";
				ENABLE_NS_ASSERTIONS = NO;
				ENABLE_STRICT_OBJC_MSGSEND = YES;
				GCC_C_LANGUAGE_STANDARD = gnu11;
				GCC_NO_COMMON_BLOCKS = YES;
				GCC_WARN_64_TO_32_BIT_CONVERSION = YES;
				GCC_WARN_ABOUT_RETURN_TYPE = YES_ERROR;
				GCC_WARN_UNDECLARED_SELECTOR = YES;
				GCC_WARN_UNINITIALIZED_AUTOS = YES_AGGRESSIVE;
				GCC_WARN_UNUSED_FUNCTION = YES;
				GCC_WARN_UNUSED_VARIABLE = YES;
				IPHONEOS_DEPLOYMENT_TARGET = 15.2;
				MTL_ENABLE_DEBUG_INFO = NO;
				MTL_FAST_MATH = YES;
				SDKROOT = iphoneos;
				SWIFT_COMPILATION_MODE = wholemodule;
				SWIFT_OPTIMIZATION_LEVEL = "-O";
				VALIDATE_PRODUCT = YES;
			};
			name = Release;
		};
		D4CDBBCF285745A200180989 /* Debug */ = {
			isa = XCBuildConfiguration;
			buildSettings = {
				ASSETCATALOG_COMPILER_APPICON_NAME = AppIcon;
				ASSETCATALOG_COMPILER_GLOBAL_ACCENT_COLOR_NAME = AccentColor;
				CODE_SIGN_STYLE = Automatic;
				CURRENT_PROJECT_VERSION = 1;
				DEVELOPMENT_TEAM = 6V8879W55Z;
				GENERATE_INFOPLIST_FILE = YES;
				INFOPLIST_FILE = 16_NetfilxStyleMovieList/Info.plist;
				INFOPLIST_KEY_UIApplicationSupportsIndirectInputEvents = YES;
				INFOPLIST_KEY_UILaunchStoryboardName = LaunchScreen;
				INFOPLIST_KEY_UISupportedInterfaceOrientations_iPad = "UIInterfaceOrientationPortrait UIInterfaceOrientationPortraitUpsideDown UIInterfaceOrientationLandscapeLeft UIInterfaceOrientationLandscapeRight";
				INFOPLIST_KEY_UISupportedInterfaceOrientations_iPhone = "UIInterfaceOrientationPortrait UIInterfaceOrientationLandscapeLeft UIInterfaceOrientationLandscapeRight";
				LD_RUNPATH_SEARCH_PATHS = (
					"$(inherited)",
					"@executable_path/Frameworks",
				);
				MARKETING_VERSION = 1.0;
				PRODUCT_BUNDLE_IDENTIFIER = "com.-6-NetfilxStyleMovieList";
				PRODUCT_NAME = "$(TARGET_NAME)";
				SWIFT_EMIT_LOC_STRINGS = YES;
				SWIFT_VERSION = 5.0;
				TARGETED_DEVICE_FAMILY = "1,2";
			};
			name = Debug;
		};
		D4CDBBD0285745A200180989 /* Release */ = {
			isa = XCBuildConfiguration;
			buildSettings = {
				ASSETCATALOG_COMPILER_APPICON_NAME = AppIcon;
				ASSETCATALOG_COMPILER_GLOBAL_ACCENT_COLOR_NAME = AccentColor;
				CODE_SIGN_STYLE = Automatic;
				CURRENT_PROJECT_VERSION = 1;
				DEVELOPMENT_TEAM = 6V8879W55Z;
				GENERATE_INFOPLIST_FILE = YES;
				INFOPLIST_FILE = 16_NetfilxStyleMovieList/Info.plist;
				INFOPLIST_KEY_UIApplicationSupportsIndirectInputEvents = YES;
				INFOPLIST_KEY_UILaunchStoryboardName = LaunchScreen;
				INFOPLIST_KEY_UISupportedInterfaceOrientations_iPad = "UIInterfaceOrientationPortrait UIInterfaceOrientationPortraitUpsideDown UIInterfaceOrientationLandscapeLeft UIInterfaceOrientationLandscapeRight";
				INFOPLIST_KEY_UISupportedInterfaceOrientations_iPhone = "UIInterfaceOrientationPortrait UIInterfaceOrientationLandscapeLeft UIInterfaceOrientationLandscapeRight";
				LD_RUNPATH_SEARCH_PATHS = (
					"$(inherited)",
					"@executable_path/Frameworks",
				);
				MARKETING_VERSION = 1.0;
				PRODUCT_BUNDLE_IDENTIFIER = "com.-6-NetfilxStyleMovieList";
				PRODUCT_NAME = "$(TARGET_NAME)";
				SWIFT_EMIT_LOC_STRINGS = YES;
				SWIFT_VERSION = 5.0;
				TARGETED_DEVICE_FAMILY = "1,2";
			};
			name = Release;
		};
/* End XCBuildConfiguration section */

/* Begin XCConfigurationList section */
		D4CDBBB52857459F00180989 /* Build configuration list for PBXProject "16_NetfilxStyleMovieList" */ = {
			isa = XCConfigurationList;
			buildConfigurations = (
				D4CDBBCC285745A200180989 /* Debug */,
				D4CDBBCD285745A200180989 /* Release */,
			);
			defaultConfigurationIsVisible = 0;
			defaultConfigurationName = Release;
		};
		D4CDBBCE285745A200180989 /* Build configuration list for PBXNativeTarget "16_NetfilxStyleMovieList" */ = {
			isa = XCConfigurationList;
			buildConfigurations = (
				D4CDBBCF285745A200180989 /* Debug */,
				D4CDBBD0285745A200180989 /* Release */,
			);
			defaultConfigurationIsVisible = 0;
			defaultConfigurationName = Release;
		};
/* End XCConfigurationList section */

/* Begin XCRemoteSwiftPackageReference section */
		D4F4912D2861CA97002BCFD7 /* XCRemoteSwiftPackageReference "SnapKit" */ = {
			isa = XCRemoteSwiftPackageReference;
			repositoryURL = "https://github.com/SnapKit/SnapKit.git";
			requirement = {
				kind = upToNextMajorVersion;
				minimumVersion = 5.0.0;
			};
		};
/* End XCRemoteSwiftPackageReference section */

/* Begin XCSwiftPackageProductDependency section */
		D4F4912E2861CA97002BCFD7 /* SnapKit */ = {
			isa = XCSwiftPackageProductDependency;
			package = D4F4912D2861CA97002BCFD7 /* XCRemoteSwiftPackageReference "SnapKit" */;
			productName = SnapKit;
		};
/* End XCSwiftPackageProductDependency section */
	};
	rootObject = D4CDBBB22857459F00180989 /* Project object */;
}
